
Microsoft Visual Studio Solution File, Format Version 12.00
# Visual Studio Version 17
VisualStudioVersion = 17.12.35209.166
MinimumVisualStudioVersion = 10.0.40219.1
Project("{FAE04EC0-301F-11D3-BF4B-00C04F79EFBC}") = "5T24_PetitSolune_BlackJack", "5T24_PetitSolune_BlackJack.csproj", "{D8ADD277-9D0D-4AE2-9134-39B984363611}"
EndProject
Global
	GlobalSection(SolutionConfigurationPlatforms) = preSolution
		Debug|Any CPU = Debug|Any CPU
		Release|Any CPU = Release|Any CPU
	EndGlobalSection
	GlobalSection(ProjectConfigurationPlatforms) = postSolution
		{D8ADD277-9D0D-4AE2-9134-39B984363611}.Debug|Any CPU.ActiveCfg = Debug|Any CPU
		{D8ADD277-9D0D-4AE2-9134-39B984363611}.Debug|Any CPU.Build.0 = Debug|Any CPU
		{D8ADD277-9D0D-4AE2-9134-39B984363611}.Release|Any CPU.ActiveCfg = Release|Any CPU
		{D8ADD277-9D0D-4AE2-9134-39B984363611}.Release|Any CPU.Build.0 = Release|Any CPU
	EndGlobalSection
	GlobalSection(SolutionProperties) = preSolution
		HideSolutionNode = FALSE
	EndGlobalSection
	GlobalSection(ExtensibilityGlobals) = postSolution
		SolutionGuid = {D9D6E9A9-8A24-4980-886A-E9BAA896ADDC}
	EndGlobalSection
EndGlobal
