
Microsoft Visual Studio Solution File, Format Version 12.00
# Visual Studio Version 17
VisualStudioVersion = 17.14.36414.22 d17.14
MinimumVisualStudioVersion = 10.0.40219.1
Project("{FAE04EC0-301F-11D3-BF4B-00C04F79EFBC}") = "Prise_De_Contacte_XAML_Ex6", "Prise_De_Contacte_XAML_Ex6.csproj", "{671CEF5C-7D33-4829-815E-480E7F0115A7}"
EndProject
Global
	GlobalSection(SolutionConfigurationPlatforms) = preSolution
		Debug|Any CPU = Debug|Any CPU
		Release|Any CPU = Release|Any CPU
	EndGlobalSection
	GlobalSection(ProjectConfigurationPlatforms) = postSolution
		{671CEF5C-7D33-4829-815E-480E7F0115A7}.Debug|Any CPU.ActiveCfg = Debug|Any CPU
		{671CEF5C-7D33-4829-815E-480E7F0115A7}.Debug|Any CPU.Build.0 = Debug|Any CPU
		{671CEF5C-7D33-4829-815E-480E7F0115A7}.Release|Any CPU.ActiveCfg = Release|Any CPU
		{671CEF5C-7D33-4829-815E-480E7F0115A7}.Release|Any CPU.Build.0 = Release|Any CPU
	EndGlobalSection
	GlobalSection(SolutionProperties) = preSolution
		HideSolutionNode = FALSE
	EndGlobalSection
	GlobalSection(ExtensibilityGlobals) = postSolution
		SolutionGuid = {4CAF6485-05FF-4EF5-B97A-E21D441D585D}
	EndGlobalSection
EndGlobal
