
Microsoft Visual Studio Solution File, Format Version 12.00
# Visual Studio Version 17
VisualStudioVersion = 17.14.36414.22 d17.14
MinimumVisualStudioVersion = 10.0.40219.1
Project("{FAE04EC0-301F-11D3-BF4B-00C04F79EFBC}") = "PetitSolune_ExerciceChien", "PetitSolune_ExerciceChien.csproj", "{19472A68-C964-4F3E-932F-D800A9A7D981}"
EndProject
Global
	GlobalSection(SolutionConfigurationPlatforms) = preSolution
		Debug|Any CPU = Debug|Any CPU
		Release|Any CPU = Release|Any CPU
	EndGlobalSection
	GlobalSection(ProjectConfigurationPlatforms) = postSolution
		{19472A68-C964-4F3E-932F-D800A9A7D981}.Debug|Any CPU.ActiveCfg = Debug|Any CPU
		{19472A68-C964-4F3E-932F-D800A9A7D981}.Debug|Any CPU.Build.0 = Debug|Any CPU
		{19472A68-C964-4F3E-932F-D800A9A7D981}.Release|Any CPU.ActiveCfg = Release|Any CPU
		{19472A68-C964-4F3E-932F-D800A9A7D981}.Release|Any CPU.Build.0 = Release|Any CPU
	EndGlobalSection
	GlobalSection(SolutionProperties) = preSolution
		HideSolutionNode = FALSE
	EndGlobalSection
	GlobalSection(ExtensibilityGlobals) = postSolution
		SolutionGuid = {69CB0291-2B1C-4912-9064-C3C403974740}
	EndGlobalSection
EndGlobal
