
Microsoft Visual Studio Solution File, Format Version 12.00
# Visual Studio Version 17
VisualStudioVersion = 17.14.36414.22 d17.14
MinimumVisualStudioVersion = 10.0.40219.1
Project("{FAE04EC0-301F-11D3-BF4B-00C04F79EFBC}") = "ex1", "ex1.csproj", "{03755165-9A6E-4B3F-871A-39072BB3818F}"
EndProject
Global
	GlobalSection(SolutionConfigurationPlatforms) = preSolution
		Debug|Any CPU = Debug|Any CPU
		Release|Any CPU = Release|Any CPU
	EndGlobalSection
	GlobalSection(ProjectConfigurationPlatforms) = postSolution
		{03755165-9A6E-4B3F-871A-39072BB3818F}.Debug|Any CPU.ActiveCfg = Debug|Any CPU
		{03755165-9A6E-4B3F-871A-39072BB3818F}.Debug|Any CPU.Build.0 = Debug|Any CPU
		{03755165-9A6E-4B3F-871A-39072BB3818F}.Release|Any CPU.ActiveCfg = Release|Any CPU
		{03755165-9A6E-4B3F-871A-39072BB3818F}.Release|Any CPU.Build.0 = Release|Any CPU
	EndGlobalSection
	GlobalSection(SolutionProperties) = preSolution
		HideSolutionNode = FALSE
	EndGlobalSection
	GlobalSection(ExtensibilityGlobals) = postSolution
		SolutionGuid = {F6AEF52B-C1DC-4E95-A201-F1AA24E8EA6D}
	EndGlobalSection
EndGlobal
