
Microsoft Visual Studio Solution File, Format Version 12.00
# Visual Studio Version 17
VisualStudioVersion = 17.14.36414.22 d17.14
MinimumVisualStudioVersion = 10.0.40219.1
Project("{FAE04EC0-301F-11D3-BF4B-00C04F79EFBC}") = "Personnes", "Personnes.csproj", "{EE2800D4-AE4D-4E51-9147-9448A3BCF24F}"
EndProject
Global
	GlobalSection(SolutionConfigurationPlatforms) = preSolution
		Debug|Any CPU = Debug|Any CPU
		Release|Any CPU = Release|Any CPU
	EndGlobalSection
	GlobalSection(ProjectConfigurationPlatforms) = postSolution
		{EE2800D4-AE4D-4E51-9147-9448A3BCF24F}.Debug|Any CPU.ActiveCfg = Debug|Any CPU
		{EE2800D4-AE4D-4E51-9147-9448A3BCF24F}.Debug|Any CPU.Build.0 = Debug|Any CPU
		{EE2800D4-AE4D-4E51-9147-9448A3BCF24F}.Release|Any CPU.ActiveCfg = Release|Any CPU
		{EE2800D4-AE4D-4E51-9147-9448A3BCF24F}.Release|Any CPU.Build.0 = Release|Any CPU
	EndGlobalSection
	GlobalSection(SolutionProperties) = preSolution
		HideSolutionNode = FALSE
	EndGlobalSection
	GlobalSection(ExtensibilityGlobals) = postSolution
		SolutionGuid = {5CDE31AF-95CB-4DB6-AE46-86DBB13A645C}
	EndGlobalSection
EndGlobal
