Microsoft Visual Studio Solution File, Format Version 12.00
# Visual Studio Version 17
VisualStudioVersion = 17.13.35818.85
MinimumVisualStudioVersion = 10.0.40219.1
Project("{FAE04EC0-301F-11D3-BF4B-00C04F79EFBC}") = "manip_matrice", "manip_matrice\manip_matrice.csproj", "{5D074E0F-EC3E-45A0-808D-5DE9B1C29289}"
EndProject
Global
	GlobalSection(SolutionConfigurationPlatforms) = preSolution
		Debug|Any CPU = Debug|Any CPU
		Release|Any CPU = Release|Any CPU
	EndGlobalSection
	GlobalSection(ProjectConfigurationPlatforms) = postSolution
		{5D074E0F-EC3E-45A0-808D-5DE9B1C29289}.Debug|Any CPU.ActiveCfg = Debug|Any CPU
		{5D074E0F-EC3E-45A0-808D-5DE9B1C29289}.Debug|Any CPU.Build.0 = Debug|Any CPU
		{5D074E0F-EC3E-45A0-808D-5DE9B1C29289}.Release|Any CPU.ActiveCfg = Release|Any CPU
		{5D074E0F-EC3E-45A0-808D-5DE9B1C29289}.Release|Any CPU.Build.0 = Release|Any CPU
	EndGlobalSection
	GlobalSection(SolutionProperties) = preSolution
		HideSolutionNode = FALSE
	EndGlobalSection
	GlobalSection(ExtensibilityGlobals) = postSolution
		SolutionGuid = {D55C1D07-AA44-4440-9DA5-DC1A9F111478}
	EndGlobalSection
EndGlobal
