
Microsoft Visual Studio Solution File, Format Version 12.00
# Visual Studio Version 17
VisualStudioVersion = 17.14.36414.22 d17.14
MinimumVisualStudioVersion = 10.0.40219.1
Project("{FAE04EC0-301F-11D3-BF4B-00C04F79EFBC}") = "P6I1_PetitSolune_Livres", "P6I1_PetitSolune_Livres.csproj", "{4C1DB0C0-4426-438F-BFDF-F36998A3D007}"
EndProject
Global
	GlobalSection(SolutionConfigurationPlatforms) = preSolution
		Debug|Any CPU = Debug|Any CPU
		Release|Any CPU = Release|Any CPU
	EndGlobalSection
	GlobalSection(ProjectConfigurationPlatforms) = postSolution
		{4C1DB0C0-4426-438F-BFDF-F36998A3D007}.Debug|Any CPU.ActiveCfg = Debug|Any CPU
		{4C1DB0C0-4426-438F-BFDF-F36998A3D007}.Debug|Any CPU.Build.0 = Debug|Any CPU
		{4C1DB0C0-4426-438F-BFDF-F36998A3D007}.Release|Any CPU.ActiveCfg = Release|Any CPU
		{4C1DB0C0-4426-438F-BFDF-F36998A3D007}.Release|Any CPU.Build.0 = Release|Any CPU
	EndGlobalSection
	GlobalSection(SolutionProperties) = preSolution
		HideSolutionNode = FALSE
	EndGlobalSection
	GlobalSection(ExtensibilityGlobals) = postSolution
		SolutionGuid = {01CCB48B-72A9-4F0E-9356-BE49FFB852B8}
	EndGlobalSection
EndGlobal
